
Microsoft Visual Studio Solution File, Format Version 12.00
# Visual Studio 15
VisualStudioVersion = 15.0.27004.2008
MinimumVisualStudioVersion = 10.0.40219.1
Project("{8BC9CEB8-8B4A-11D0-8D11-00A0C91BC942}") = "SSV_OV", "OV\SSV_OV_2017.vcxproj", "{12E6EB1C-F63C-4D3E-9710-12E3A564EBB4}"
EndProject
Project("{8BC9CEB8-8B4A-11D0-8D11-00A0C91BC942}") = "SSV_DragChute", "Chute\SSV_DragChute_2017.vcxproj", "{66D11E71-6424-4736-B0B9-5198C3123337}"
EndProject
Project("{8BC9CEB8-8B4A-11D0-8D11-00A0C91BC942}") = "SSV_MLP", "MLP\SSV_MLP_2017.vcxproj", "{36625AF0-5E8C-48F1-B6CC-26C39C4DB203}"
EndProject
Project("{8BC9CEB8-8B4A-11D0-8D11-00A0C91BC942}") = "SSV_SRB", "SRB\SSV_SRB_2017.vcxproj", "{F2CE1634-2D20-4F3A-A46C-FC277A423F2C}"
EndProject
Project("{8BC9CEB8-8B4A-11D0-8D11-00A0C91BC942}") = "SSV_ET", "ET\SSV_ET_2017.vcxproj", "{EE67E0BD-7B53-48FB-893A-C63884245A5D}"
EndProject
Project("{8BC9CEB8-8B4A-11D0-8D11-00A0C91BC942}") = "SSV_CT", "CT\SSV_CT_2017.vcxproj", "{BAAA2ADB-0507-4E33-9E80-23CEE3B74E37}"
EndProject
Project("{8BC9CEB8-8B4A-11D0-8D11-00A0C91BC942}") = "SSV_LCC", "LCC\SSV_LCC_2017.vcxproj", "{6AA00238-939E-4767-8C58-7DC86CEBC891}"
EndProject
Project("{8BC9CEB8-8B4A-11D0-8D11-00A0C91BC942}") = "SSV_LC39", "LC39\SSV_LC39_2017.vcxproj", "{863D8238-BF90-4D45-A9A6-EC74E8D17928}"
EndProject
Project("{8BC9CEB8-8B4A-11D0-8D11-00A0C91BC942}") = "SSV_XenonLights", "Xenon_Lights\SSV_XenonLights_2017.vcxproj", "{396E345C-7D91-4ECD-B912-6178511A25EA}"
EndProject
Project("{8BC9CEB8-8B4A-11D0-8D11-00A0C91BC942}") = "SSV_Centaur", "Centaur\SSV_Centaur_2017.vcxproj", "{7D997EE8-F918-4635-AF54-ACA3B5F95C36}"
EndProject
Project("{8BC9CEB8-8B4A-11D0-8D11-00A0C91BC942}") = "SSV_IUS_SRM1", "IUS_SRM1\SSV_IUS_SRM1_2017.vcxproj", "{060EBCE6-FC6D-44FE-8762-0BE22B496AE2}"
EndProject
Project("{8BC9CEB8-8B4A-11D0-8D11-00A0C91BC942}") = "SSV_IUS_SRM2", "IUS_SRM2\SSV_IUS_SRM2_2017.vcxproj", "{F9C25485-F69D-4658-BD87-C68D71370267}"
EndProject
Project("{8BC9CEB8-8B4A-11D0-8D11-00A0C91BC942}") = "SSV_SLC6", "SLC6\SSV_SLC6_2017.vcxproj", "{DC60519C-4BAE-4244-AC36-35EEFBA34FE0}"
EndProject
Project("{8BC9CEB8-8B4A-11D0-8D11-00A0C91BC942}") = "ssvmeshc", "ssvmeshc\ssvmeshc_2017.vcxproj", "{3343BD03-0738-4D55-8FBA-206D6309793F}"
EndProject
Project("{8BC9CEB8-8B4A-11D0-8D11-00A0C91BC942}") = "SSV_VAB", "VAB\SSV_VAB_2017.vcxproj", "{32D9221B-99F5-4E38-8DBA-B06A532142E2}"
EndProject
Project("{8BC9CEB8-8B4A-11D0-8D11-00A0C91BC942}") = "SSVlib", "SSVlib\SSVlib_2017.vcxproj", "{EDA1260C-9F5C-478A-B18B-A687101FC234}"
EndProject
Project("{8BC9CEB8-8B4A-11D0-8D11-00A0C91BC942}") = "SSV_OTS", "OTS\SSV_OTS_2017.vcxproj", "{2A0B6A83-CAEB-432C-B1D9-F3013BF0394A}"
EndProject
Project("{8BC9CEB8-8B4A-11D0-8D11-00A0C91BC942}") = "SSV_OBSS", "OBSS\SSV_OBSS_2017.vcxproj", "{BDF45AAD-878A-4164-B357-9C6A1B921A6B}"
EndProject
Project("{8BC9CEB8-8B4A-11D0-8D11-00A0C91BC942}") = "HALS2CPP", "HALS2CPP\HALS2CPP.vcxproj", "{B6796C85-08A8-434C-B887-20F6424628B3}"
EndProject
Project("{FAE04EC0-301F-11D3-BF4B-00C04F79EFBC}") = "SSVMissionEditor", "Mission Editor\SSVMissionEditor.csproj", "{8D5EDE5E-70F0-4582-8B49-5034C60948D3}"
EndProject
Project("{8BC9CEB8-8B4A-11D0-8D11-00A0C91BC942}") = "cJSON", "cJSON\cJSON.vcxproj", "{CD4AA79A-89BE-4FCE-88D7-ED661E848505}"
EndProject
Global
	GlobalSection(SolutionConfigurationPlatforms) = preSolution
		Debug|x86 = Debug|x86
		Release|x86 = Release|x86
	EndGlobalSection
	GlobalSection(ProjectConfigurationPlatforms) = postSolution
		{12E6EB1C-F63C-4D3E-9710-12E3A564EBB4}.Debug|x86.ActiveCfg = Debug|Win32
		{12E6EB1C-F63C-4D3E-9710-12E3A564EBB4}.Debug|x86.Build.0 = Debug|Win32
		{12E6EB1C-F63C-4D3E-9710-12E3A564EBB4}.Release|x86.ActiveCfg = Release|Win32
		{12E6EB1C-F63C-4D3E-9710-12E3A564EBB4}.Release|x86.Build.0 = Release|Win32
		{66D11E71-6424-4736-B0B9-5198C3123337}.Debug|x86.ActiveCfg = Debug|Win32
		{66D11E71-6424-4736-B0B9-5198C3123337}.Debug|x86.Build.0 = Debug|Win32
		{66D11E71-6424-4736-B0B9-5198C3123337}.Release|x86.ActiveCfg = Release|Win32
		{66D11E71-6424-4736-B0B9-5198C3123337}.Release|x86.Build.0 = Release|Win32
		{36625AF0-5E8C-48F1-B6CC-26C39C4DB203}.Debug|x86.ActiveCfg = Debug|Win32
		{36625AF0-5E8C-48F1-B6CC-26C39C4DB203}.Debug|x86.Build.0 = Debug|Win32
		{36625AF0-5E8C-48F1-B6CC-26C39C4DB203}.Release|x86.ActiveCfg = Release|Win32
		{36625AF0-5E8C-48F1-B6CC-26C39C4DB203}.Release|x86.Build.0 = Release|Win32
		{F2CE1634-2D20-4F3A-A46C-FC277A423F2C}.Debug|x86.ActiveCfg = Debug|Win32
		{F2CE1634-2D20-4F3A-A46C-FC277A423F2C}.Debug|x86.Build.0 = Debug|Win32
		{F2CE1634-2D20-4F3A-A46C-FC277A423F2C}.Release|x86.ActiveCfg = Release|Win32
		{F2CE1634-2D20-4F3A-A46C-FC277A423F2C}.Release|x86.Build.0 = Release|Win32
		{EE67E0BD-7B53-48FB-893A-C63884245A5D}.Debug|x86.ActiveCfg = Debug|Win32
		{EE67E0BD-7B53-48FB-893A-C63884245A5D}.Debug|x86.Build.0 = Debug|Win32
		{EE67E0BD-7B53-48FB-893A-C63884245A5D}.Release|x86.ActiveCfg = Release|Win32
		{EE67E0BD-7B53-48FB-893A-C63884245A5D}.Release|x86.Build.0 = Release|Win32
		{BAAA2ADB-0507-4E33-9E80-23CEE3B74E37}.Debug|x86.ActiveCfg = Debug|Win32
		{BAAA2ADB-0507-4E33-9E80-23CEE3B74E37}.Debug|x86.Build.0 = Debug|Win32
		{BAAA2ADB-0507-4E33-9E80-23CEE3B74E37}.Release|x86.ActiveCfg = Release|Win32
		{BAAA2ADB-0507-4E33-9E80-23CEE3B74E37}.Release|x86.Build.0 = Release|Win32
		{6AA00238-939E-4767-8C58-7DC86CEBC891}.Debug|x86.ActiveCfg = Debug|Win32
		{6AA00238-939E-4767-8C58-7DC86CEBC891}.Debug|x86.Build.0 = Debug|Win32
		{6AA00238-939E-4767-8C58-7DC86CEBC891}.Release|x86.ActiveCfg = Release|Win32
		{6AA00238-939E-4767-8C58-7DC86CEBC891}.Release|x86.Build.0 = Release|Win32
		{863D8238-BF90-4D45-A9A6-EC74E8D17928}.Debug|x86.ActiveCfg = Debug|Win32
		{863D8238-BF90-4D45-A9A6-EC74E8D17928}.Debug|x86.Build.0 = Debug|Win32
		{863D8238-BF90-4D45-A9A6-EC74E8D17928}.Release|x86.ActiveCfg = Release|Win32
		{863D8238-BF90-4D45-A9A6-EC74E8D17928}.Release|x86.Build.0 = Release|Win32
		{396E345C-7D91-4ECD-B912-6178511A25EA}.Debug|x86.ActiveCfg = Debug|Win32
		{396E345C-7D91-4ECD-B912-6178511A25EA}.Debug|x86.Build.0 = Debug|Win32
		{396E345C-7D91-4ECD-B912-6178511A25EA}.Release|x86.ActiveCfg = Release|Win32
		{396E345C-7D91-4ECD-B912-6178511A25EA}.Release|x86.Build.0 = Release|Win32
		{7D997EE8-F918-4635-AF54-ACA3B5F95C36}.Debug|x86.ActiveCfg = Debug|Win32
		{7D997EE8-F918-4635-AF54-ACA3B5F95C36}.Debug|x86.Build.0 = Debug|Win32
		{7D997EE8-F918-4635-AF54-ACA3B5F95C36}.Release|x86.ActiveCfg = Release|Win32
		{7D997EE8-F918-4635-AF54-ACA3B5F95C36}.Release|x86.Build.0 = Release|Win32
		{060EBCE6-FC6D-44FE-8762-0BE22B496AE2}.Debug|x86.ActiveCfg = Debug|Win32
		{060EBCE6-FC6D-44FE-8762-0BE22B496AE2}.Debug|x86.Build.0 = Debug|Win32
		{060EBCE6-FC6D-44FE-8762-0BE22B496AE2}.Release|x86.ActiveCfg = Release|Win32
		{060EBCE6-FC6D-44FE-8762-0BE22B496AE2}.Release|x86.Build.0 = Release|Win32
		{F9C25485-F69D-4658-BD87-C68D71370267}.Debug|x86.ActiveCfg = Debug|Win32
		{F9C25485-F69D-4658-BD87-C68D71370267}.Debug|x86.Build.0 = Debug|Win32
		{F9C25485-F69D-4658-BD87-C68D71370267}.Release|x86.ActiveCfg = Release|Win32
		{F9C25485-F69D-4658-BD87-C68D71370267}.Release|x86.Build.0 = Release|Win32
		{DC60519C-4BAE-4244-AC36-35EEFBA34FE0}.Debug|x86.ActiveCfg = Debug|Win32
		{DC60519C-4BAE-4244-AC36-35EEFBA34FE0}.Debug|x86.Build.0 = Debug|Win32
		{DC60519C-4BAE-4244-AC36-35EEFBA34FE0}.Release|x86.ActiveCfg = Release|Win32
		{DC60519C-4BAE-4244-AC36-35EEFBA34FE0}.Release|x86.Build.0 = Release|Win32
		{3343BD03-0738-4D55-8FBA-206D6309793F}.Debug|x86.ActiveCfg = Debug|Win32
		{3343BD03-0738-4D55-8FBA-206D6309793F}.Release|x86.ActiveCfg = Release|Win32
		{32D9221B-99F5-4E38-8DBA-B06A532142E2}.Debug|x86.ActiveCfg = Debug|Win32
		{32D9221B-99F5-4E38-8DBA-B06A532142E2}.Debug|x86.Build.0 = Debug|Win32
		{32D9221B-99F5-4E38-8DBA-B06A532142E2}.Release|x86.ActiveCfg = Release|Win32
		{32D9221B-99F5-4E38-8DBA-B06A532142E2}.Release|x86.Build.0 = Release|Win32
		{EDA1260C-9F5C-478A-B18B-A687101FC234}.Debug|x86.ActiveCfg = Debug|Win32
		{EDA1260C-9F5C-478A-B18B-A687101FC234}.Debug|x86.Build.0 = Debug|Win32
		{EDA1260C-9F5C-478A-B18B-A687101FC234}.Release|x86.ActiveCfg = Release|Win32
		{EDA1260C-9F5C-478A-B18B-A687101FC234}.Release|x86.Build.0 = Release|Win32
		{2A0B6A83-CAEB-432C-B1D9-F3013BF0394A}.Debug|x86.ActiveCfg = Debug|Win32
		{2A0B6A83-CAEB-432C-B1D9-F3013BF0394A}.Debug|x86.Build.0 = Debug|Win32
		{2A0B6A83-CAEB-432C-B1D9-F3013BF0394A}.Release|x86.ActiveCfg = Release|Win32
		{2A0B6A83-CAEB-432C-B1D9-F3013BF0394A}.Release|x86.Build.0 = Release|Win32
		{BDF45AAD-878A-4164-B357-9C6A1B921A6B}.Debug|x86.ActiveCfg = Debug|Win32
		{BDF45AAD-878A-4164-B357-9C6A1B921A6B}.Debug|x86.Build.0 = Debug|Win32
		{BDF45AAD-878A-4164-B357-9C6A1B921A6B}.Release|x86.ActiveCfg = Release|Win32
		{BDF45AAD-878A-4164-B357-9C6A1B921A6B}.Release|x86.Build.0 = Release|Win32
		{B6796C85-08A8-434C-B887-20F6424628B3}.Debug|x86.ActiveCfg = Debug|Win32
		{B6796C85-08A8-434C-B887-20F6424628B3}.Debug|x86.Build.0 = Debug|Win32
		{B6796C85-08A8-434C-B887-20F6424628B3}.Release|x86.ActiveCfg = Release|Win32
		{8D5EDE5E-70F0-4582-8B49-5034C60948D3}.Debug|x86.ActiveCfg = Debug|Any CPU
		{8D5EDE5E-70F0-4582-8B49-5034C60948D3}.Debug|x86.Build.0 = Debug|Any CPU
		{8D5EDE5E-70F0-4582-8B49-5034C60948D3}.Release|x86.ActiveCfg = Release|Any CPU
		{8D5EDE5E-70F0-4582-8B49-5034C60948D3}.Release|x86.Build.0 = Release|Any CPU
		{CD4AA79A-89BE-4FCE-88D7-ED661E848505}.Debug|x86.ActiveCfg = Debug|Win32
		{CD4AA79A-89BE-4FCE-88D7-ED661E848505}.Debug|x86.Build.0 = Debug|Win32
		{CD4AA79A-89BE-4FCE-88D7-ED661E848505}.Release|x86.ActiveCfg = Release|Win32
		{CD4AA79A-89BE-4FCE-88D7-ED661E848505}.Release|x86.Build.0 = Release|Win32
	EndGlobalSection
	GlobalSection(SolutionProperties) = preSolution
		HideSolutionNode = FALSE
	EndGlobalSection
	GlobalSection(ExtensibilityGlobals) = postSolution
		SolutionGuid = {DFA5BB72-B8C1-4523-8508-12D491465694}
	EndGlobalSection
EndGlobal
