<?xml version="1.0" encoding="utf-8"?>
<Project ToolsVersion="4.0" xmlns="http://schemas.microsoft.com/developer/msbuild/2003">
  <ItemGroup>
    <ClCompile Include="SRB.cpp">
      <Filter>Source Files</Filter>
    </ClCompile>
  </ItemGroup>
  <ItemGroup>
    <ClInclude Include="SRB.h">
      <Filter>Header Files</Filter>
    </ClInclude>
    <ClInclude Include="..\CommonDefs.h">
      <Filter>Header Files</Filter>
    </ClInclude>
  </ItemGroup>
  <ItemGroup>
    <Filter Include="Header Files">
      <UniqueIdentifier>{99bfcec6-2888-4244-81b1-8dea05cf6ce6}</UniqueIdentifier>
    </Filter>
    <Filter Include="Source Files">
      <UniqueIdentifier>{77bb1e89-1656-46c0-b931-25c30d9e5da9}</UniqueIdentifier>
    </Filter>
  </ItemGroup>
</Project>