<?xml version="1.0" encoding="utf-8"?>
<Project ToolsVersion="4.0" xmlns="http://schemas.microsoft.com/developer/msbuild/2003">
  <ItemGroup>
    <ClCompile Include="SLC6.cpp">
      <Filter>Source Files</Filter>
    </ClCompile>
    <ClCompile Include="..\BaseSSVPad.cpp">
      <Filter>Source Files</Filter>
    </ClCompile>
  </ItemGroup>
  <ItemGroup>
    <ClInclude Include="..\BaseSSVPad.h">
      <Filter>Header Files</Filter>
    </ClInclude>
    <ClInclude Include="meshres_SAB.h">
      <Filter>Header Files</Filter>
    </ClInclude>
    <ClInclude Include="meshres_AT.h">
      <Filter>Header Files</Filter>
    </ClInclude>
    <ClInclude Include="resource.h">
      <Filter>Header Files</Filter>
    </ClInclude>
    <ClInclude Include="SLC6.h">
      <Filter>Header Files</Filter>
    </ClInclude>
    <ClInclude Include="..\LCCPadInterface.h">
      <Filter>Header Files</Filter>
    </ClInclude>
    <ClInclude Include="..\T0UmbilicalMLPInterface.h">
      <Filter>Header Files</Filter>
    </ClInclude>
    <ClInclude Include="meshres_Pad.h">
      <Filter>Header Files</Filter>
    </ClInclude>
  </ItemGroup>
  <ItemGroup>
    <ResourceCompile Include="SSV_SLC6.rc" />
  </ItemGroup>
  <ItemGroup>
    <Filter Include="Header Files">
      <UniqueIdentifier>{72a6f574-699e-4a04-9a74-9609267fdecd}</UniqueIdentifier>
    </Filter>
    <Filter Include="Source Files">
      <UniqueIdentifier>{15725fe3-65bf-46dd-933b-0e0c38051762}</UniqueIdentifier>
    </Filter>
  </ItemGroup>
</Project>