<?xml version="1.0" encoding="utf-8"?>
<Project ToolsVersion="4.0" xmlns="http://schemas.microsoft.com/developer/msbuild/2003">
  <ItemGroup>
    <Filter Include="Header Files">
      <UniqueIdentifier>{231fd707-81a9-4667-8929-2be20aa19f95}</UniqueIdentifier>
    </Filter>
    <Filter Include="Source Files">
      <UniqueIdentifier>{c353b8f0-813f-41a6-941b-066720d39d09}</UniqueIdentifier>
    </Filter>
  </ItemGroup>
  <ItemGroup>
    <ClInclude Include="LCC.h">
      <Filter>Header Files</Filter>
    </ClInclude>
    <ClInclude Include="LCC_MFD.h">
      <Filter>Header Files</Filter>
    </ClInclude>
    <ClInclude Include="..\PadLCCInterface.h">
      <Filter>Header Files</Filter>
    </ClInclude>
  </ItemGroup>
  <ItemGroup>
    <ClCompile Include="LCC.cpp">
      <Filter>Source Files</Filter>
    </ClCompile>
    <ClCompile Include="LCC_MFD.cpp">
      <Filter>Source Files</Filter>
    </ClCompile>
  </ItemGroup>
</Project>