<?xml version="1.0" encoding="utf-8"?>
<Project ToolsVersion="4.0" xmlns="http://schemas.microsoft.com/developer/msbuild/2003">
  <ItemGroup>
    <ClCompile Include="Highbay.cpp">
      <Filter>Source Files</Filter>
    </ClCompile>
    <ClCompile Include="VAB.cpp">
      <Filter>Source Files</Filter>
    </ClCompile>
    <ClCompile Include="VAB_lua.cpp">
      <Filter>Source Files</Filter>
    </ClCompile>
    <ClCompile Include="VLDAnimation.cpp">
      <Filter>Source Files</Filter>
    </ClCompile>
  </ItemGroup>
  <ItemGroup>
    <ClInclude Include="VAB.h">
      <Filter>Header Files</Filter>
    </ClInclude>
    <ClInclude Include="meshres.h">
      <Filter>Header Files</Filter>
    </ClInclude>
  </ItemGroup>
  <ItemGroup>
    <Filter Include="Header Files">
      <UniqueIdentifier>{cbc9a171-82ae-4150-9d97-9e6cf9a8ed6b}</UniqueIdentifier>
    </Filter>
    <Filter Include="Source Files">
      <UniqueIdentifier>{ec48457e-dd30-49f3-85d7-4259fe7235c4}</UniqueIdentifier>
    </Filter>
  </ItemGroup>
</Project>