<?xml version="1.0" encoding="utf-8"?>
<Project ToolsVersion="4.0" xmlns="http://schemas.microsoft.com/developer/msbuild/2003">
  <ItemGroup>
    <ClCompile Include="CrawlerBarGauge.cpp">
      <Filter>Source Files</Filter>
    </ClCompile>
    <ClCompile Include="CrawlerCenterPanel.cpp">
      <Filter>Source Files</Filter>
    </ClCompile>
    <ClCompile Include="CrawlerDigitalDisplay.cpp">
      <Filter>Source Files</Filter>
    </ClCompile>
    <ClCompile Include="CrawlerEngine.cpp">
      <Filter>Source Files</Filter>
    </ClCompile>
    <ClCompile Include="CrawlerLeftPanel.cpp">
      <Filter>Source Files</Filter>
    </ClCompile>
    <ClCompile Include="CrawlerPanelLight.cpp">
      <Filter>Source Files</Filter>
    </ClCompile>
    <ClCompile Include="CrawlerPBI.cpp">
      <Filter>Source Files</Filter>
    </ClCompile>
    <ClCompile Include="CrawlerRightPanel.cpp">
      <Filter>Source Files</Filter>
    </ClCompile>
    <ClCompile Include="Define1980StrutAnimations.cpp">
      <Filter>Source Files</Filter>
    </ClCompile>
    <ClCompile Include="DefineStrutAnimations.cpp">
      <Filter>Source Files</Filter>
    </ClCompile>
    <ClCompile Include="LDSPanel.cpp">
      <Filter>Source Files</Filter>
    </ClCompile>
    <ClCompile Include="Crawler.cpp">
      <Filter>Source Files</Filter>
    </ClCompile>
    <ClCompile Include="CrawlerPushButton.cpp">
      <Filter>Source Files</Filter>
    </ClCompile>
  </ItemGroup>
  <ItemGroup>
    <ClInclude Include="resource_Crawler.h">
      <Filter>Header Files</Filter>
    </ClInclude>
    <ClInclude Include="meshres_drivetruck.h">
      <Filter>Header Files</Filter>
    </ClInclude>
    <ClInclude Include="meshres_crawler_vc.h">
      <Filter>Header Files</Filter>
    </ClInclude>
    <ClInclude Include="meshres_crawler_1980.h">
      <Filter>Header Files</Filter>
    </ClInclude>
    <ClInclude Include="meshres_crawler.h">
      <Filter>Header Files</Filter>
    </ClInclude>
    <ClInclude Include="LDSPanel.h">
      <Filter>Header Files</Filter>
    </ClInclude>
    <ClInclude Include="CrawlerLeftPanel.h">
      <Filter>Header Files</Filter>
    </ClInclude>
    <ClInclude Include="CrawlerEngine.h">
      <Filter>Header Files</Filter>
    </ClInclude>
    <ClInclude Include="CrawlerDigitalDisplay.h">
      <Filter>Header Files</Filter>
    </ClInclude>
    <ClInclude Include="CrawlerCenterPanel.h">
      <Filter>Header Files</Filter>
    </ClInclude>
    <ClInclude Include="CrawlerPanelLight.h">
      <Filter>Header Files</Filter>
    </ClInclude>
    <ClInclude Include="CrawlerPBI.h">
      <Filter>Header Files</Filter>
    </ClInclude>
    <ClInclude Include="CrawlerRightPanel.h">
      <Filter>Header Files</Filter>
    </ClInclude>
    <ClInclude Include="CrawlerBarGauge.h">
      <Filter>Header Files</Filter>
    </ClInclude>
    <ClInclude Include="Crawler_vc_defs.h">
      <Filter>Header Files</Filter>
    </ClInclude>
    <ClInclude Include="Crawler.h">
      <Filter>Header Files</Filter>
    </ClInclude>
    <ClInclude Include="Crawler_defs.h">
      <Filter>Header Files</Filter>
    </ClInclude>
    <ClInclude Include="CrawlerPushButton.h">
      <Filter>Header Files</Filter>
    </ClInclude>
  </ItemGroup>
  <ItemGroup>
    <ResourceCompile Include="Crawler.rc" />
  </ItemGroup>
  <ItemGroup>
    <None Include="Bitmaps\Crawler_digits.bmp" />
  </ItemGroup>
  <ItemGroup>
    <Filter Include="Header Files">
      <UniqueIdentifier>{44ff3cc8-fc0c-4de1-8e61-73ff48872527}</UniqueIdentifier>
    </Filter>
    <Filter Include="Source Files">
      <UniqueIdentifier>{4bc6e90e-83a2-43a0-b7a5-52dff403e454}</UniqueIdentifier>
    </Filter>
  </ItemGroup>
</Project>