<?xml version="1.0" encoding="utf-8"?>
<Project ToolsVersion="4.0" xmlns="http://schemas.microsoft.com/developer/msbuild/2003">
  <ItemGroup>
    <ClInclude Include="MLP.h">
      <Filter>Header Files</Filter>
    </ClInclude>
    <ClInclude Include="meshres_MLP.h">
      <Filter>Header Files</Filter>
    </ClInclude>
    <ClInclude Include="..\T0UmbilicalMLPInterface.h">
      <Filter>Header Files</Filter>
    </ClInclude>
    <ClInclude Include="..\PadMLPInterface.h">
      <Filter>Header Files</Filter>
    </ClInclude>
  </ItemGroup>
  <ItemGroup>
    <Filter Include="Header Files">
      <UniqueIdentifier>{062be6eb-c258-497f-83e2-9355f3eb9a45}</UniqueIdentifier>
    </Filter>
    <Filter Include="Source Files">
      <UniqueIdentifier>{0932c92f-4f56-4712-9af7-3cb938bdd39e}</UniqueIdentifier>
    </Filter>
  </ItemGroup>
  <ItemGroup>
    <ClCompile Include="MLP.cpp">
      <Filter>Source Files</Filter>
    </ClCompile>
  </ItemGroup>
</Project>