<?xml version="1.0" encoding="utf-8"?>
<Project ToolsVersion="4.0" xmlns="http://schemas.microsoft.com/developer/msbuild/2003">
  <ItemGroup>
    <ClCompile Include="..\BaseSSVPad.cpp">
      <Filter>Source Files</Filter>
    </ClCompile>
    <ClCompile Include="LC39.cpp">
      <Filter>Source Files</Filter>
    </ClCompile>
  </ItemGroup>
  <ItemGroup>
    <ClInclude Include="meshres_FSS.h">
      <Filter>Header Files</Filter>
    </ClInclude>
    <ClInclude Include="meshres_RSS.h">
      <Filter>Header Files</Filter>
    </ClInclude>
    <ClInclude Include="LC39.h">
      <Filter>Header Files</Filter>
    </ClInclude>
    <ClInclude Include="..\MLPPadInterface.h">
      <Filter>Header Files</Filter>
    </ClInclude>
    <ClInclude Include="..\BaseSSVPad.h">
      <Filter>Header Files</Filter>
    </ClInclude>
    <ClInclude Include="..\LCCPadInterface.h">
      <Filter>Header Files</Filter>
    </ClInclude>
    <ClInclude Include="LC39_resource.h" />
    <ClInclude Include="meshres_Hardstand.h">
      <Filter>Header Files</Filter>
    </ClInclude>
  </ItemGroup>
  <ItemGroup>
    <ResourceCompile Include="SSV_LC39.rc" />
  </ItemGroup>
  <ItemGroup>
    <Filter Include="Header Files">
      <UniqueIdentifier>{55b12f5d-64d1-47d9-8c6b-9e6881c3dcb6}</UniqueIdentifier>
    </Filter>
    <Filter Include="Source Files">
      <UniqueIdentifier>{f25fb43c-d9f0-4524-b59e-a9be4be7fa6b}</UniqueIdentifier>
    </Filter>
  </ItemGroup>
</Project>