<?xml version="1.0" encoding="utf-8"?>
<Project ToolsVersion="4.0" xmlns="http://schemas.microsoft.com/developer/msbuild/2003">
  <ItemGroup>
    <ClCompile Include="src\AerodynamicLookupTables.cpp">
      <Filter>Source Files</Filter>
    </ClCompile>
    <ClCompile Include="src\Averager.cpp">
      <Filter>Source Files</Filter>
    </ClCompile>
    <ClCompile Include="src\BasicValve.cpp">
      <Filter>Source Files</Filter>
    </ClCompile>
    <ClCompile Include="src\DiscInPort.cpp">
      <Filter>Source Files</Filter>
    </ClCompile>
    <ClCompile Include="src\DiscOutPort.cpp">
      <Filter>Source Files</Filter>
    </ClCompile>
    <ClCompile Include="src\DiscreteBundle.cpp">
      <Filter>Source Files</Filter>
    </ClCompile>
    <ClCompile Include="src\DiscreteBundleManager.cpp">
      <Filter>Source Files</Filter>
    </ClCompile>
    <ClCompile Include="src\DiscretePort.cpp">
      <Filter>Source Files</Filter>
    </ClCompile>
    <ClCompile Include="src\HydraulicActuatedValve.cpp">
      <Filter>Source Files</Filter>
    </ClCompile>
    <ClCompile Include="KOST\kost_elements.cpp">
      <Filter>Source Files</Filter>
    </ClCompile>
    <ClCompile Include="KOST\kost_linalg.cpp">
      <Filter>Source Files</Filter>
    </ClCompile>
    <ClCompile Include="KOST\kost_math.cpp">
      <Filter>Source Files</Filter>
    </ClCompile>
    <ClCompile Include="KOST\kost_propagate.cpp">
      <Filter>Source Files</Filter>
    </ClCompile>
    <ClCompile Include="KOST\kost_shape.cpp">
      <Filter>Source Files</Filter>
    </ClCompile>
    <ClCompile Include="src\LambertBurnTargeting.cpp">
      <Filter>Source Files</Filter>
    </ClCompile>
    <ClCompile Include="src\PEG4Targeting.cpp">
      <Filter>Source Files</Filter>
    </ClCompile>
    <ClCompile Include="src\PIDControl.cpp">
      <Filter>Source Files</Filter>
    </ClCompile>
    <ClCompile Include="src\PressureActuatedValve.cpp">
      <Filter>Source Files</Filter>
    </ClCompile>
    <ClCompile Include="src\Sensor.cpp">
      <Filter>Source Files</Filter>
    </ClCompile>
    <ClCompile Include="src\SolenoidValve.cpp">
      <Filter>Source Files</Filter>
    </ClCompile>
    <ClCompile Include="src\StateVectorPropagator.cpp">
      <Filter>Source Files</Filter>
    </ClCompile>
    <ClCompile Include="src\MathSSV.cpp">
      <Filter>Source Files</Filter>
    </ClCompile>
    <ClCompile Include="src\ValveManager.cpp">
      <Filter>Source Files</Filter>
    </ClCompile>
    <ClCompile Include="src\UtilsSSV.cpp">
      <Filter>Source Files</Filter>
    </ClCompile>
    <ClCompile Include="src\FILT1.cpp">
      <Filter>Source Files</Filter>
    </ClCompile>
    <ClCompile Include="src\HYST.cpp">
      <Filter>Source Files</Filter>
    </ClCompile>
    <ClCompile Include="src\FILT2.cpp">
      <Filter>Source Files</Filter>
    </ClCompile>
    <ClCompile Include="src\SignalSampler.cpp">
      <Filter>Source Files</Filter>
    </ClCompile>
    <ClCompile Include="src\FADER.cpp">
      <Filter>Source Files</Filter>
    </ClCompile>
    <ClCompile Include="src\SurfaceRoving.cpp">
      <Filter>Source Files</Filter>
    </ClCompile>
    <ClCompile Include="src\Stopwatch.cpp">
      <Filter>Source Files</Filter>
    </ClCompile>
    <ClCompile Include="src\FlipFlopD.cpp">
      <Filter>Source Files</Filter>
    </ClCompile>
  </ItemGroup>
  <ItemGroup>
    <ClInclude Include="include\ValveManager.h">
      <Filter>Header Files</Filter>
    </ClInclude>
    <ClInclude Include="include\UtilsSSV.h">
      <Filter>Header Files</Filter>
    </ClInclude>
    <ClInclude Include="include\MathSSV.h">
      <Filter>Header Files</Filter>
    </ClInclude>
    <ClInclude Include="include\Subsystem.h">
      <Filter>Header Files</Filter>
    </ClInclude>
    <ClInclude Include="include\StateVectorPropagator.h">
      <Filter>Header Files</Filter>
    </ClInclude>
    <ClInclude Include="include\SolenoidValve.h">
      <Filter>Header Files</Filter>
    </ClInclude>
    <ClInclude Include="include\PressureSource.h">
      <Filter>Header Files</Filter>
    </ClInclude>
    <ClInclude Include="include\Sensor.h">
      <Filter>Header Files</Filter>
    </ClInclude>
    <ClInclude Include="include\SubsystemDirector.h">
      <Filter>Header Files</Filter>
    </ClInclude>
    <ClInclude Include="include\PIDControl.h">
      <Filter>Header Files</Filter>
    </ClInclude>
    <ClInclude Include="include\PEG4Targeting.h">
      <Filter>Header Files</Filter>
    </ClInclude>
    <ClInclude Include="include\PanelGroup.h">
      <Filter>Header Files</Filter>
    </ClInclude>
    <ClInclude Include="include\LambertBurnTargeting.h">
      <Filter>Header Files</Filter>
    </ClInclude>
    <ClInclude Include="include\PressureActuatedValve.h">
      <Filter>Header Files</Filter>
    </ClInclude>
    <ClInclude Include="KOST\kost.h">
      <Filter>Header Files</Filter>
    </ClInclude>
    <ClInclude Include="include\ISubsystem.h">
      <Filter>Header Files</Filter>
    </ClInclude>
    <ClInclude Include="include\HydraulicActuatedValve.h">
      <Filter>Header Files</Filter>
    </ClInclude>
    <ClInclude Include="include\EngConst.h">
      <Filter>Header Files</Filter>
    </ClInclude>
    <ClInclude Include="include\discsignals.h">
      <Filter>Header Files</Filter>
    </ClInclude>
    <ClInclude Include="include\DiscreteBundleManager.h">
      <Filter>Header Files</Filter>
    </ClInclude>
    <ClInclude Include="include\DiscreteBundle.h">
      <Filter>Header Files</Filter>
    </ClInclude>
    <ClInclude Include="include\DiscOutPort.h">
      <Filter>Header Files</Filter>
    </ClInclude>
    <ClInclude Include="include\DiscInPort.h">
      <Filter>Header Files</Filter>
    </ClInclude>
    <ClInclude Include="include\DiscretePort.h">
      <Filter>Header Files</Filter>
    </ClInclude>
    <ClInclude Include="include\BasicVCComponent.h">
      <Filter>Header Files</Filter>
    </ClInclude>
    <ClInclude Include="include\BasicValve.h">
      <Filter>Header Files</Filter>
    </ClInclude>
    <ClInclude Include="include\BasicPanel.h">
      <Filter>Header Files</Filter>
    </ClInclude>
    <ClInclude Include="include\Averager.h">
      <Filter>Header Files</Filter>
    </ClInclude>
    <ClInclude Include="include\AerodynamicLookupTables.h">
      <Filter>Header Files</Filter>
    </ClInclude>
    <ClInclude Include="include\FILT1.h">
      <Filter>Header Files</Filter>
    </ClInclude>
    <ClInclude Include="include\HYST.h">
      <Filter>Header Files</Filter>
    </ClInclude>
    <ClInclude Include="include\FILT2.h">
      <Filter>Header Files</Filter>
    </ClInclude>
    <ClInclude Include="include\SignalSampler.h">
      <Filter>Header Files</Filter>
    </ClInclude>
    <ClInclude Include="include\FADER.h">
      <Filter>Header Files</Filter>
    </ClInclude>
    <ClInclude Include="include\SurfaceRoving.h">
      <Filter>Header Files</Filter>
    </ClInclude>
    <ClInclude Include="include\Stopwatch.h">
      <Filter>Header Files</Filter>
    </ClInclude>
    <ClInclude Include="include\FlipFlopD.h">
      <Filter>Header Files</Filter>
    </ClInclude>
  </ItemGroup>
  <ItemGroup>
    <Filter Include="Header Files">
      <UniqueIdentifier>{f15fddff-fab7-4714-97dc-2be81dc67c04}</UniqueIdentifier>
    </Filter>
    <Filter Include="Source Files">
      <UniqueIdentifier>{790473d9-2980-420c-b214-7b401f00dbe9}</UniqueIdentifier>
    </Filter>
  </ItemGroup>
</Project>